
Microsoft Visual Studio Solution File, Format Version 12.00
# Visual Studio 15
VisualStudioVersion = 15.0.28307.572
MinimumVisualStudioVersion = 10.0.40219.1
Project("{E24C65DC-7377-472B-9ABA-BC803B73C61A}") = "LandScaping-Six", "LandScaping-Six\", "{CE5C3A04-7CC2-423B-BEC2-E41F344FF5FD}"
	ProjectSection(WebsiteProperties) = preProject
		TargetFrameworkMoniker = ".NETFramework,Version%3Dv4.6.1"
		Debug.AspNetCompiler.VirtualPath = "/localhost_57427"
		Debug.AspNetCompiler.PhysicalPath = "LandScaping-Six\"
		Debug.AspNetCompiler.TargetPath = "PrecompiledWeb\localhost_57427\"
		Debug.AspNetCompiler.Updateable = "true"
		Debug.AspNetCompiler.ForceOverwrite = "true"
		Debug.AspNetCompiler.FixedNames = "false"
		Debug.AspNetCompiler.Debug = "True"
		Release.AspNetCompiler.VirtualPath = "/localhost_57427"
		Release.AspNetCompiler.PhysicalPath = "LandScaping-Six\"
		Release.AspNetCompiler.TargetPath = "PrecompiledWeb\localhost_57427\"
		Release.AspNetCompiler.Updateable = "true"
		Release.AspNetCompiler.ForceOverwrite = "true"
		Release.AspNetCompiler.FixedNames = "false"
		Release.AspNetCompiler.Debug = "False"
		VWDPort = "57427"
		SlnRelativePath = "LandScaping-Six\"
		DefaultWebSiteLanguage = "Visual C#"
	EndProjectSection
EndProject
Global
	GlobalSection(SolutionConfigurationPlatforms) = preSolution
		Debug|Any CPU = Debug|Any CPU
	EndGlobalSection
	GlobalSection(ProjectConfigurationPlatforms) = postSolution
		{CE5C3A04-7CC2-423B-BEC2-E41F344FF5FD}.Debug|Any CPU.ActiveCfg = Debug|Any CPU
		{CE5C3A04-7CC2-423B-BEC2-E41F344FF5FD}.Debug|Any CPU.Build.0 = Debug|Any CPU
	EndGlobalSection
	GlobalSection(SolutionProperties) = preSolution
		HideSolutionNode = FALSE
	EndGlobalSection
	GlobalSection(ExtensibilityGlobals) = postSolution
		SolutionGuid = {3024C639-31DB-4825-AF78-E273FE77B0D1}
	EndGlobalSection
EndGlobal
